// !$*UTF8*$!
{
	archiveVersion = 1;
	classes = {
	};
	objectVersion = 46;
	objects = {

/* Begin PBXBuildFile section */
		244D07BA1D9C39250062BCBD /* Keys.swift in Sources */ = {isa = PBXBuildFile; fileRef = 244D07B91D9C39250062BCBD /* Keys.swift */; };
		5501C33F1D9C142C0011D7C8 /* AppDelegate.swift in Sources */ = {isa = PBXBuildFile; fileRef = 5501C33E1D9C142C0011D7C8 /* AppDelegate.swift */; };
		5501C3411D9C142C0011D7C8 /* ViewController.swift in Sources */ = {isa = PBXBuildFile; fileRef = 5501C3401D9C142C0011D7C8 /* ViewController.swift */; };
		5501C3441D9C142C0011D7C8 /* Main.storyboard in Resources */ = {isa = PBXBuildFile; fileRef = 5501C3421D9C142C0011D7C8 /* Main.storyboard */; };
		5501C3461D9C142C0011D7C8 /* Assets.xcassets in Resources */ = {isa = PBXBuildFile; fileRef = 5501C3451D9C142C0011D7C8 /* Assets.xcassets */; };
		5501C3491D9C142C0011D7C8 /* LaunchScreen.storyboard in Resources */ = {isa = PBXBuildFile; fileRef = 5501C3471D9C142C0011D7C8 /* LaunchScreen.storyboard */; };
		5501C3521D9C144F0011D7C8 /* OpenWeatherMapAPI.swift in Sources */ = {isa = PBXBuildFile; fileRef = 5501C3511D9C144F0011D7C8 /* OpenWeatherMapAPI.swift */; };
/* End PBXBuildFile section */

/* Begin PBXFileReference section */
		244D07B91D9C39250062BCBD /* Keys.swift */ = {isa = PBXFileReference; fileEncoding = 4; lastKnownFileType = sourcecode.swift; path = Keys.swift; sourceTree = "<group>"; };
		5501C33B1D9C142C0011D7C8 /* OpenWeatherMapAPI-starter.app */ = {isa = PBXFileReference; explicitFileType = wrapper.application; includeInIndex = 0; path = "OpenWeatherMapAPI-starter.app"; sourceTree = BUILT_PRODUCTS_DIR; };
		5501C33E1D9C142C0011D7C8 /* AppDelegate.swift */ = {isa = PBXFileReference; lastKnownFileType = sourcecode.swift; path = AppDelegate.swift; sourceTree = "<group>"; };
		5501C3401D9C142C0011D7C8 /* ViewController.swift */ = {isa = PBXFileReference; lastKnownFileType = sourcecode.swift; path = ViewController.swift; sourceTree = "<group>"; };
		5501C3431D9C142C0011D7C8 /* Base */ = {isa = PBXFileReference; lastKnownFileType = file.storyboard; name = Base; path = Base.lproj/Main.storyboard; sourceTree = "<group>"; };
		5501C3451D9C142C0011D7C8 /* Assets.xcassets */ = {isa = PBXFileReference; lastKnownFileType = folder.assetcatalog; path = Assets.xcassets; sourceTree = "<group>"; };
		5501C3481D9C142C0011D7C8 /* Base */ = {isa = PBXFileReference; lastKnownFileType = file.storyboard; name = Base; path = Base.lproj/LaunchScreen.storyboard; sourceTree = "<group>"; };
		5501C34A1D9C142C0011D7C8 /* Info.plist */ = {isa = PBXFileReference; lastKnownFileType = text.plist.xml; path = Info.plist; sourceTree = "<group>"; };
		5501C3511D9C144F0011D7C8 /* OpenWeatherMapAPI.swift */ = {isa = PBXFileReference; fileEncoding = 4; lastKnownFileType = sourcecode.swift; name = OpenWeatherMapAPI.swift; path = Networking/OpenWeatherMapAPI.swift; sourceTree = "<group>"; };
/* End PBXFileReference section */

/* Begin PBXFrameworksBuildPhase section */
		5501C3381D9C142C0011D7C8 /* Frameworks */ = {
			isa = PBXFrameworksBuildPhase;
			buildActionMask = 2147483647;
			files = (
			);
			runOnlyForDeploymentPostprocessing = 0;
		};
/* End PBXFrameworksBuildPhase section */

/* Begin PBXGroup section */
		5501C3321D9C142C0011D7C8 = {
			isa = PBXGroup;
			children = (
				5501C33D1D9C142C0011D7C8 /* OpenWeatherMapAPI-starter */,
				5501C33C1D9C142C0011D7C8 /* Products */,
			);
			sourceTree = "<group>";
		};
		5501C33C1D9C142C0011D7C8 /* Products */ = {
			isa = PBXGroup;
			children = (
				5501C33B1D9C142C0011D7C8 /* OpenWeatherMapAPI-starter.app */,
			);
			name = Products;
			sourceTree = "<group>";
		};
		5501C33D1D9C142C0011D7C8 /* OpenWeatherMapAPI-starter */ = {
			isa = PBXGroup;
			children = (
				5501C3501D9C14360011D7C8 /* Networking */,
				5501C33E1D9C142C0011D7C8 /* AppDelegate.swift */,
				5501C3401D9C142C0011D7C8 /* ViewController.swift */,
				5501C3421D9C142C0011D7C8 /* Main.storyboard */,
				5501C3451D9C142C0011D7C8 /* Assets.xcassets */,
				5501C3471D9C142C0011D7C8 /* LaunchScreen.storyboard */,
				5501C34A1D9C142C0011D7C8 /* Info.plist */,
				244D07B91D9C39250062BCBD /* Keys.swift */,
			);
			path = "OpenWeatherMapAPI-starter";
			sourceTree = "<group>";
		};
		5501C3501D9C14360011D7C8 /* Networking */ = {
			isa = PBXGroup;
			children = (
				5501C3511D9C144F0011D7C8 /* OpenWeatherMapAPI.swift */,
			);
			name = Networking;
			sourceTree = "<group>";
		};
/* End PBXGroup section */

/* Begin PBXNativeTarget section */
		5501C33A1D9C142C0011D7C8 /* OpenWeatherMapAPI-starter */ = {
			isa = PBXNativeTarget;
			buildConfigurationList = 5501C34D1D9C142C0011D7C8 /* Build configuration list for PBXNativeTarget "OpenWeatherMapAPI-starter" */;
			buildPhases = (
				5501C3371D9C142C0011D7C8 /* Sources */,
				5501C3381D9C142C0011D7C8 /* Frameworks */,
				5501C3391D9C142C0011D7C8 /* Resources */,
			);
			buildRules = (
			);
			dependencies = (
			);
			name = "OpenWeatherMapAPI-starter";
			productName = "OpenWeatherMapAPI-starter";
			productReference = 5501C33B1D9C142C0011D7C8 /* OpenWeatherMapAPI-starter.app */;
			productType = "com.apple.product-type.application";
		};
/* End PBXNativeTarget section */

/* Begin PBXProject section */
		5501C3331D9C142C0011D7C8 /* Project object */ = {
			isa = PBXProject;
			attributes = {
				LastSwiftUpdateCheck = 0800;
				LastUpgradeCheck = 0800;
				ORGANIZATIONNAME = "Nikolas Burk";
				TargetAttributes = {
					5501C33A1D9C142C0011D7C8 = {
						CreatedOnToolsVersion = 8.0;
						ProvisioningStyle = Automatic;
					};
				};
			};
			buildConfigurationList = 5501C3361D9C142C0011D7C8 /* Build configuration list for PBXProject "OpenWeatherMapAPI-starter" */;
			compatibilityVersion = "Xcode 3.2";
			developmentRegion = English;
			hasScannedForEncodings = 0;
			knownRegions = (
				en,
				Base,
			);
			mainGroup = 5501C3321D9C142C0011D7C8;
			productRefGroup = 5501C33C1D9C142C0011D7C8 /* Products */;
			projectDirPath = "";
			projectRoot = "";
			targets = (
				5501C33A1D9C142C0011D7C8 /* OpenWeatherMapAPI-starter */,
			);
		};
/* End PBXProject section */

/* Begin PBXResourcesBuildPhase section */
		5501C3391D9C142C0011D7C8 /* Resources */ = {
			isa = PBXResourcesBuildPhase;
			buildActionMask = 2147483647;
			files = (
				5501C3491D9C142C0011D7C8 /* LaunchScreen.storyboard in Resources */,
				5501C3461D9C142C0011D7C8 /* Assets.xcassets in Resources */,
				5501C3441D9C142C0011D7C8 /* Main.storyboard in Resources */,
			);
			runOnlyForDeploymentPostprocessing = 0;
		};
/* End PBXResourcesBuildPhase section */

/* Begin PBXSourcesBuildPhase section */
		5501C3371D9C142C0011D7C8 /* Sources */ = {
			isa = PBXSourcesBuildPhase;
			buildActionMask = 2147483647;
			files = (
				5501C3411D9C142C0011D7C8 /* ViewController.swift in Sources */,
				244D07BA1D9C39250062BCBD /* Keys.swift in Sources */,
				5501C33F1D9C142C0011D7C8 /* AppDelegate.swift in Sources */,
				5501C3521D9C144F0011D7C8 /* OpenWeatherMapAPI.swift in Sources */,
			);
			runOnlyForDeploymentPostprocessing = 0;
		};
/* End PBXSourcesBuildPhase section */

/* Begin PBXVariantGroup section */
		5501C3421D9C142C0011D7C8 /* Main.storyboard */ = {
			isa = PBXVariantGroup;
			children = (
				5501C3431D9C142C0011D7C8 /* Base */,
			);
			name = Main.storyboard;
			sourceTree = "<group>";
		};
		5501C3471D9C142C0011D7C8 /* LaunchScreen.storyboard */ = {
			isa = PBXVariantGroup;
			children = (
				5501C3481D9C142C0011D7C8 /* Base */,
			);
			name = LaunchScreen.storyboard;
			sourceTree = "<group>";
		};
/* End PBXVariantGroup section */

/* Begin XCBuildConfiguration section */
		5501C34B1D9C142C0011D7C8 /* Debug */ = {
			isa = XCBuildConfiguration;
			buildSettings = {
				ALWAYS_SEARCH_USER_PATHS = NO;
				CLANG_ANALYZER_NONNULL = YES;
				CLANG_CXX_LANGUAGE_STANDARD = "gnu++0x";
				CLANG_CXX_LIBRARY = "libc++";
				CLANG_ENABLE_MODULES = YES;
				CLANG_ENABLE_OBJC_ARC = YES;
				CLANG_WARN_BOOL_CONVERSION = YES;
				CLANG_WARN_CONSTANT_CONVERSION = YES;
				CLANG_WARN_DIRECT_OBJC_ISA_USAGE = YES_ERROR;
				CLANG_WARN_DOCUMENTATION_COMMENTS = YES;
				CLANG_WARN_EMPTY_BODY = YES;
				CLANG_WARN_ENUM_CONVERSION = YES;
				CLANG_WARN_INFINITE_RECURSION = YES;
				CLANG_WARN_INT_CONVERSION = YES;
				CLANG_WARN_OBJC_ROOT_CLASS = YES_ERROR;
				CLANG_WARN_SUSPICIOUS_MOVES = YES;
				CLANG_WARN_UNREACHABLE_CODE = YES;
				CLANG_WARN__DUPLICATE_METHOD_MATCH = YES;
				"CODE_SIGN_IDENTITY[sdk=iphoneos*]" = "iPhone Developer";
				COPY_PHASE_STRIP = NO;
				DEBUG_INFORMATION_FORMAT = dwarf;
				ENABLE_STRICT_OBJC_MSGSEND = YES;
				ENABLE_TESTABILITY = YES;
				GCC_C_LANGUAGE_STANDARD = gnu99;
				GCC_DYNAMIC_NO_PIC = NO;
				GCC_NO_COMMON_BLOCKS = YES;
				GCC_OPTIMIZATION_LEVEL = 0;
				GCC_PREPROCESSOR_DEFINITIONS = (
					"DEBUG=1",
					"$(inherited)",
				);
				GCC_WARN_64_TO_32_BIT_CONVERSION = YES;
				GCC_WARN_ABOUT_RETURN_TYPE = YES_ERROR;
				GCC_WARN_UNDECLARED_SELECTOR = YES;
				GCC_WARN_UNINITIALIZED_AUTOS = YES_AGGRESSIVE;
				GCC_WARN_UNUSED_FUNCTION = YES;
				GCC_WARN_UNUSED_VARIABLE = YES;
				IPHONEOS_DEPLOYMENT_TARGET = 10.0;
				MTL_ENABLE_DEBUG_INFO = YES;
				ONLY_ACTIVE_ARCH = YES;
				SDKROOT = iphoneos;
				SWIFT_ACTIVE_COMPILATION_CONDITIONS = DEBUG;
				SWIFT_OPTIMIZATION_LEVEL = "-Onone";
			};
			name = Debug;
		};
		5501C34C1D9C142C0011D7C8 /* Release */ = {
			isa = XCBuildConfiguration;
			buildSettings = {
				ALWAYS_SEARCH_USER_PATHS = NO;
				CLANG_ANALYZER_NONNULL = YES;
				CLANG_CXX_LANGUAGE_STANDARD = "gnu++0x";
				CLANG_CXX_LIBRARY = "libc++";
				CLANG_ENABLE_MODULES = YES;
				CLANG_ENABLE_OBJC_ARC = YES;
				CLANG_WARN_BOOL_CONVERSION = YES;
				CLANG_WARN_CONSTANT_CONVERSION = YES;
				CLANG_WARN_DIRECT_OBJC_ISA_USAGE = YES_ERROR;
				CLANG_WARN_DOCUMENTATION_COMMENTS = YES;
				CLANG_WARN_EMPTY_BODY = YES;
				CLANG_WARN_ENUM_CONVERSION = YES;
				CLANG_WARN_INFINITE_RECURSION = YES;
				CLANG_WARN_INT_CONVERSION = YES;
				CLANG_WARN_OBJC_ROOT_CLASS = YES_ERROR;
				CLANG_WARN_SUSPICIOUS_MOVES = YES;
				CLANG_WARN_UNREACHABLE_CODE = YES;
				CLANG_WARN__DUPLICATE_METHOD_MATCH = YES;
				"CODE_SIGN_IDENTITY[sdk=iphoneos*]" = "iPhone Developer";
				COPY_PHASE_STRIP = NO;
				DEBUG_INFORMATION_FORMAT = "dwarf-with-dsym";
				ENABLE_NS_ASSERTIONS = NO;
				ENABLE_STRICT_OBJC_MSGSEND = YES;
				GCC_C_LANGUAGE_STANDARD = gnu99;
				GCC_NO_COMMON_BLOCKS = YES;
				GCC_WARN_64_TO_32_BIT_CONVERSION = YES;
				GCC_WARN_ABOUT_RETURN_TYPE = YES_ERROR;
				GCC_WARN_UNDECLARED_SELECTOR = YES;
				GCC_WARN_UNINITIALIZED_AUTOS = YES_AGGRESSIVE;
				GCC_WARN_UNUSED_FUNCTION = YES;
				GCC_WARN_UNUSED_VARIABLE = YES;
				IPHONEOS_DEPLOYMENT_TARGET = 10.0;
				MTL_ENABLE_DEBUG_INFO = NO;
				SDKROOT = iphoneos;
				SWIFT_OPTIMIZATION_LEVEL = "-Owholemodule";
				VALIDATE_PRODUCT = YES;
			};
			name = Release;
		};
		5501C34E1D9C142C0011D7C8 /* Debug */ = {
			isa = XCBuildConfiguration;
			buildSettings = {
				ASSETCATALOG_COMPILER_APPICON_NAME = AppIcon;
				INFOPLIST_FILE = "OpenWeatherMapAPI-starter/Info.plist";
				LD_RUNPATH_SEARCH_PATHS = "$(inherited) @executable_path/Frameworks";
				PRODUCT_BUNDLE_IDENTIFIER = "com.makeschool.nikolasburk.OpenWeatherMapAPI-starter";
				PRODUCT_NAME = "$(TARGET_NAME)";
				SWIFT_VERSION = 3.0;
			};
			name = Debug;
		};
		5501C34F1D9C142C0011D7C8 /* Release */ = {
			isa = XCBuildConfiguration;
			buildSettings = {
				ASSETCATALOG_COMPILER_APPICON_NAME = AppIcon;
				INFOPLIST_FILE = "OpenWeatherMapAPI-starter/Info.plist";
				LD_RUNPATH_SEARCH_PATHS = "$(inherited) @executable_path/Frameworks";
				PRODUCT_BUNDLE_IDENTIFIER = "com.makeschool.nikolasburk.OpenWeatherMapAPI-starter";
				PRODUCT_NAME = "$(TARGET_NAME)";
				SWIFT_VERSION = 3.0;
			};
			name = Release;
		};
/* End XCBuildConfiguration section */

/* Begin XCConfigurationList section */
		5501C3361D9C142C0011D7C8 /* Build configuration list for PBXProject "OpenWeatherMapAPI-starter" */ = {
			isa = XCConfigurationList;
			buildConfigurations = (
				5501C34B1D9C142C0011D7C8 /* Debug */,
				5501C34C1D9C142C0011D7C8 /* Release */,
			);
			defaultConfigurationIsVisible = 0;
			defaultConfigurationName = Release;
		};
		5501C34D1D9C142C0011D7C8 /* Build configuration list for PBXNativeTarget "OpenWeatherMapAPI-starter" */ = {
			isa = XCConfigurationList;
			buildConfigurations = (
				5501C34E1D9C142C0011D7C8 /* Debug */,
				5501C34F1D9C142C0011D7C8 /* Release */,
			);
			defaultConfigurationIsVisible = 0;
			defaultConfigurationName = Release;
		};
/* End XCConfigurationList section */
	};
	rootObject = 5501C3331D9C142C0011D7C8 /* Project object */;
}
